{
  "version": 4,
  "terraform_version": "1.3.7",
  "serial": 34,
  "lineage": "fbe3ffd8-abb0-fc41-7439-d419601da701",
  "outputs": {},
  "resources": [
    {
      "module": "module.dev_environment",
      "mode": "managed",
      "type": "azurerm_resource_group",
      "name": "coanda-rg",
      "provider": "provider[\"registry.terraform.io/hashicorp/azurerm\"]",
      "instances": [
        {
          "schema_version": 0,
          "attributes": {
            "id": "/subscriptions/87f1c4e1-79fe-44c3-b9bd-d3c17dc85081/resourceGroups/coanda-resources",
            "location": "eastus",
            "name": "coanda-resources",
            "tags": {
              "environment": "dev"
            },
            "timeouts": null
          },
          "sensitive_attributes": [],
          "private": "eyJlMmJmYjczMC1lY2FhLTExZTYtOGY4OC0zNDM2M2JjN2M0YzAiOnsiY3JlYXRlIjo1NDAwMDAwMDAwMDAwLCJkZWxldGUiOjU0MDAwMDAwMDAwMDAsInJlYWQiOjMwMDAwMDAwMDAwMCwidXBkYXRlIjo1NDAwMDAwMDAwMDAwfX0="
        }
      ]
    },
    {
      "module": "module.dev_environment.module.archiveReplay_stored_procedure",
      "mode": "managed",
      "type": "azurerm_cosmosdb_sql_stored_procedure",
      "name": "this",
      "provider": "provider[\"registry.terraform.io/hashicorp/azurerm\"]",
      "instances": [
        {
          "schema_version": 0,
          "attributes": {
            "account_name": "coanda-cosmosdb",
            "body": "temp",
            "container_name": "Replays",
            "database_name": "coanda-cosmosdb-main",
            "id": "/subscriptions/87f1c4e1-79fe-44c3-b9bd-d3c17dc85081/resourceGroups/coanda-resources/providers/Microsoft.DocumentDB/databaseAccounts/coanda-cosmosdb/sqlDatabases/coanda-cosmosdb-main/containers/Replays/storedProcedures/archiveReplay",
            "name": "archiveReplay",
            "resource_group_name": "coanda-resources",
            "timeouts": null
          },
          "sensitive_attributes": [],
          "private": "eyJlMmJmYjczMC1lY2FhLTExZTYtOGY4OC0zNDM2M2JjN2M0YzAiOnsiY3JlYXRlIjoxODAwMDAwMDAwMDAwLCJkZWxldGUiOjE4MDAwMDAwMDAwMDAsInJlYWQiOjMwMDAwMDAwMDAwMCwidXBkYXRlIjoxODAwMDAwMDAwMDAwfX0="
        }
      ]
    },
    {
      "module": "module.dev_environment.module.cosmosdb",
      "mode": "managed",
      "type": "azurerm_cosmosdb_account",
      "name": "this",
      "provider": "provider[\"registry.terraform.io/hashicorp/azurerm\"]",
      "instances": [
        {
          "schema_version": 0,
          "attributes": {
            "access_key_metadata_writes_enabled": true,
            "analytical_storage": [
              {
                "schema_type": "WellDefined"
              }
            ],
            "analytical_storage_enabled": false,
            "backup": [
              {
                "interval_in_minutes": 240,
                "retention_in_hours": 8,
                "storage_redundancy": "Geo",
                "type": "Periodic"
              }
            ],
            "capabilities": [],
            "capacity": [
              {
                "total_throughput_limit": 1000
              }
            ],
            "connection_strings": [
              "AccountEndpoint=https://coanda-cosmosdb.documents.azure.com:443/;AccountKey=ruPuSAGs3DQR5bhZ7UXyNGF4eu8368gPLB2R0aK8FbwvX9iN5UhBVKDu7htzLD56r70OiczOrrqAACDbb24C3w==;",
              "AccountEndpoint=https://coanda-cosmosdb.documents.azure.com:443/;AccountKey=kP4gRZtqeiIOuyEAgcqtSf2nYbaakskfoXWD2Ap9iLifx0wouEQ23Nc7thOhxkO864mWy9Qzd0Z1ACDb635xKQ==;",
              "AccountEndpoint=https://coanda-cosmosdb.documents.azure.com:443/;AccountKey=7kpgKIMw9EvQumXZXmzKpIcJSbvnYc9jwfWivJaeYl30nJ7AJKvYu1E7pqyuJZpdAAqz5nCA9CXVACDbdnVqHA==;",
              "AccountEndpoint=https://coanda-cosmosdb.documents.azure.com:443/;AccountKey=pWWlvooGwcZkuc3NS0iPlDpt59a8kw1LLug3Fv27whG5XOwhzLSoBPVy4oT09hP4hxvCDHLuCJ3jACDbWPaSpA==;"
            ],
            "consistency_policy": [
              {
                "consistency_level": "BoundedStaleness",
                "max_interval_in_seconds": 300,
                "max_staleness_prefix": 100000
              }
            ],
            "cors_rule": [],
            "create_mode": "",
            "default_identity_type": "FirstPartyIdentity",
            "enable_automatic_failover": false,
            "enable_free_tier": true,
            "enable_multiple_write_locations": false,
            "endpoint": "https://coanda-cosmosdb.documents.azure.com:443/",
            "geo_location": [
              {
                "failover_priority": 0,
                "id": "coanda-cosmosdb-eastus",
                "location": "eastus",
                "zone_redundant": false
              }
            ],
            "id": "/subscriptions/87f1c4e1-79fe-44c3-b9bd-d3c17dc85081/resourceGroups/coanda-resources/providers/Microsoft.DocumentDB/databaseAccounts/coanda-cosmosdb",
            "identity": [],
            "ip_range_filter": "",
            "is_virtual_network_filter_enabled": false,
            "key_vault_key_id": null,
            "kind": "GlobalDocumentDB",
            "local_authentication_disabled": false,
            "location": "eastus",
            "mongo_server_version": null,
            "name": "coanda-cosmosdb",
            "network_acl_bypass_for_azure_services": false,
            "network_acl_bypass_ids": [],
            "offer_type": "Standard",
            "primary_key": "ruPuSAGs3DQR5bhZ7UXyNGF4eu8368gPLB2R0aK8FbwvX9iN5UhBVKDu7htzLD56r70OiczOrrqAACDbb24C3w==",
            "primary_readonly_key": "7kpgKIMw9EvQumXZXmzKpIcJSbvnYc9jwfWivJaeYl30nJ7AJKvYu1E7pqyuJZpdAAqz5nCA9CXVACDbdnVqHA==",
            "public_network_access_enabled": true,
            "read_endpoints": [
              "https://coanda-cosmosdb-eastus.documents.azure.com:443/"
            ],
            "resource_group_name": "coanda-resources",
            "restore": [],
            "secondary_key": "kP4gRZtqeiIOuyEAgcqtSf2nYbaakskfoXWD2Ap9iLifx0wouEQ23Nc7thOhxkO864mWy9Qzd0Z1ACDb635xKQ==",
            "secondary_readonly_key": "pWWlvooGwcZkuc3NS0iPlDpt59a8kw1LLug3Fv27whG5XOwhzLSoBPVy4oT09hP4hxvCDHLuCJ3jACDbWPaSpA==",
            "tags": {
              "environment": "dev"
            },
            "timeouts": null,
            "virtual_network_rule": [],
            "write_endpoints": [
              "https://coanda-cosmosdb-eastus.documents.azure.com:443/"
            ]
          },
          "sensitive_attributes": [],
          "private": "eyJlMmJmYjczMC1lY2FhLTExZTYtOGY4OC0zNDM2M2JjN2M0YzAiOnsiY3JlYXRlIjoxMDgwMDAwMDAwMDAwMCwiZGVsZXRlIjoxMDgwMDAwMDAwMDAwMCwicmVhZCI6MzAwMDAwMDAwMDAwLCJ1cGRhdGUiOjEwODAwMDAwMDAwMDAwfX0="
        }
      ]
    },
    {
      "module": "module.dev_environment.module.cosmosdb_replays_container",
      "mode": "managed",
      "type": "azurerm_cosmosdb_sql_container",
      "name": "this",
      "provider": "provider[\"registry.terraform.io/hashicorp/azurerm\"]",
      "instances": [
        {
          "schema_version": 1,
          "attributes": {
            "account_name": "coanda-cosmosdb",
            "analytical_storage_ttl": null,
            "autoscale_settings": [],
            "conflict_resolution_policy": [
              {
                "conflict_resolution_path": "/_ts",
                "conflict_resolution_procedure": "",
                "mode": "LastWriterWins"
              }
            ],
            "database_name": "coanda-cosmosdb-main",
            "default_ttl": null,
            "id": "/subscriptions/87f1c4e1-79fe-44c3-b9bd-d3c17dc85081/resourceGroups/coanda-resources/providers/Microsoft.DocumentDB/databaseAccounts/coanda-cosmosdb/sqlDatabases/coanda-cosmosdb-main/containers/Replays",
            "indexing_policy": [
              {
                "composite_index": [],
                "excluded_path": [
                  {
                    "path": "/excluded/?"
                  }
                ],
                "included_path": [
                  {
                    "path": "/*"
                  },
                  {
                    "path": "/included/?"
                  }
                ],
                "indexing_mode": "consistent",
                "spatial_index": []
              }
            ],
            "name": "Replays",
            "partition_key_path": "/id",
            "partition_key_version": 1,
            "resource_group_name": "coanda-resources",
            "throughput": 400,
            "timeouts": null,
            "unique_key": [
              {
                "paths": [
                  "/definition/idlong",
                  "/definition/idshort"
                ]
              }
            ]
          },
          "sensitive_attributes": [],
          "private": "eyJlMmJmYjczMC1lY2FhLTExZTYtOGY4OC0zNDM2M2JjN2M0YzAiOnsiY3JlYXRlIjoxODAwMDAwMDAwMDAwLCJkZWxldGUiOjE4MDAwMDAwMDAwMDAsInJlYWQiOjMwMDAwMDAwMDAwMCwidXBkYXRlIjoxODAwMDAwMDAwMDAwfSwic2NoZW1hX3ZlcnNpb24iOiIxIn0="
        }
      ]
    },
    {
      "module": "module.dev_environment.module.cosmosdb_replays_container",
      "mode": "managed",
      "type": "azurerm_cosmosdb_sql_database",
      "name": "this",
      "provider": "provider[\"registry.terraform.io/hashicorp/azurerm\"]",
      "instances": [
        {
          "schema_version": 1,
          "attributes": {
            "account_name": "coanda-cosmosdb",
            "autoscale_settings": [],
            "id": "/subscriptions/87f1c4e1-79fe-44c3-b9bd-d3c17dc85081/resourceGroups/coanda-resources/providers/Microsoft.DocumentDB/databaseAccounts/coanda-cosmosdb/sqlDatabases/coanda-cosmosdb-main",
            "name": "coanda-cosmosdb-main",
            "resource_group_name": "coanda-resources",
            "throughput": 0,
            "timeouts": null
          },
          "sensitive_attributes": [],
          "private": "eyJlMmJmYjczMC1lY2FhLTExZTYtOGY4OC0zNDM2M2JjN2M0YzAiOnsiY3JlYXRlIjoxODAwMDAwMDAwMDAwLCJkZWxldGUiOjE4MDAwMDAwMDAwMDAsInJlYWQiOjMwMDAwMDAwMDAwMCwidXBkYXRlIjoxODAwMDAwMDAwMDAwfSwic2NoZW1hX3ZlcnNpb24iOiIxIn0="
        }
      ]
    }
  ],
  "check_results": null
}
